// !$*UTF8*$!
{
	archiveVersion = 1;
	classes = {
	};
	objectVersion = 46;
	objects = {

/* Begin PBXBuildFile section */
		81D32F4D1DEC99F000407640 /* AppDelegate.swift in Sources */ = {isa = PBXBuildFile; fileRef = 81D32F4C1DEC99F000407640 /* AppDelegate.swift */; };
		81D32F521DEC99F000407640 /* Main.storyboard in Resources */ = {isa = PBXBuildFile; fileRef = 81D32F501DEC99F000407640 /* Main.storyboard */; };
		81D32F541DEC99F000407640 /* Assets.xcassets in Resources */ = {isa = PBXBuildFile; fileRef = 81D32F531DEC99F000407640 /* Assets.xcassets */; };
		81D32F571DEC99F000407640 /* LaunchScreen.storyboard in Resources */ = {isa = PBXBuildFile; fileRef = 81D32F551DEC99F000407640 /* LaunchScreen.storyboard */; };
		81D32F601DEC9A7A00407640 /* Model.xcdatamodeld in Sources */ = {isa = PBXBuildFile; fileRef = 81D32F5E1DEC9A7A00407640 /* Model.xcdatamodeld */; };
		81D32F621DEC9D5400407640 /* DataController.swift in Sources */ = {isa = PBXBuildFile; fileRef = 81D32F611DEC9D5400407640 /* DataController.swift */; };
		81D32F641DECA1A000407640 /* APIRequestManager.swift in Sources */ = {isa = PBXBuildFile; fileRef = 81D32F631DECA1A000407640 /* APIRequestManager.swift */; };
		81D32F661DECA1C200407640 /* ArticlesTableViewController.swift in Sources */ = {isa = PBXBuildFile; fileRef = 81D32F651DECA1C200407640 /* ArticlesTableViewController.swift */; };
		81D32F681DECA67700407640 /* Article+Extension.swift in Sources */ = {isa = PBXBuildFile; fileRef = 81D32F671DECA67700407640 /* Article+Extension.swift */; };
/* End PBXBuildFile section */

/* Begin PBXFileReference section */
		81D32F491DEC99F000407640 /* CoreDataArticles.app */ = {isa = PBXFileReference; explicitFileType = wrapper.application; includeInIndex = 0; path = CoreDataArticles.app; sourceTree = BUILT_PRODUCTS_DIR; };
		81D32F4C1DEC99F000407640 /* AppDelegate.swift */ = {isa = PBXFileReference; lastKnownFileType = sourcecode.swift; path = AppDelegate.swift; sourceTree = "<group>"; };
		81D32F511DEC99F000407640 /* Base */ = {isa = PBXFileReference; lastKnownFileType = file.storyboard; name = Base; path = Base.lproj/Main.storyboard; sourceTree = "<group>"; };
		81D32F531DEC99F000407640 /* Assets.xcassets */ = {isa = PBXFileReference; lastKnownFileType = folder.assetcatalog; path = Assets.xcassets; sourceTree = "<group>"; };
		81D32F561DEC99F000407640 /* Base */ = {isa = PBXFileReference; lastKnownFileType = file.storyboard; name = Base; path = Base.lproj/LaunchScreen.storyboard; sourceTree = "<group>"; };
		81D32F581DEC99F000407640 /* Info.plist */ = {isa = PBXFileReference; lastKnownFileType = text.plist.xml; path = Info.plist; sourceTree = "<group>"; };
		81D32F5F1DEC9A7A00407640 /* Model.xcdatamodel */ = {isa = PBXFileReference; lastKnownFileType = wrapper.xcdatamodel; path = Model.xcdatamodel; sourceTree = "<group>"; };
		81D32F611DEC9D5400407640 /* DataController.swift */ = {isa = PBXFileReference; fileEncoding = 4; lastKnownFileType = sourcecode.swift; path = DataController.swift; sourceTree = "<group>"; };
		81D32F631DECA1A000407640 /* APIRequestManager.swift */ = {isa = PBXFileReference; fileEncoding = 4; lastKnownFileType = sourcecode.swift; path = APIRequestManager.swift; sourceTree = "<group>"; };
		81D32F651DECA1C200407640 /* ArticlesTableViewController.swift */ = {isa = PBXFileReference; fileEncoding = 4; lastKnownFileType = sourcecode.swift; path = ArticlesTableViewController.swift; sourceTree = "<group>"; };
		81D32F671DECA67700407640 /* Article+Extension.swift */ = {isa = PBXFileReference; fileEncoding = 4; lastKnownFileType = sourcecode.swift; path = "Article+Extension.swift"; sourceTree = "<group>"; };
/* End PBXFileReference section */

/* Begin PBXFrameworksBuildPhase section */
		81D32F461DEC99F000407640 /* Frameworks */ = {
			isa = PBXFrameworksBuildPhase;
			buildActionMask = 2147483647;
			files = (
			);
			runOnlyForDeploymentPostprocessing = 0;
		};
/* End PBXFrameworksBuildPhase section */

/* Begin PBXGroup section */
		81D32F401DEC99F000407640 = {
			isa = PBXGroup;
			children = (
				81D32F4B1DEC99F000407640 /* CoreDataArticles */,
				81D32F4A1DEC99F000407640 /* Products */,
			);
			sourceTree = "<group>";
		};
		81D32F4A1DEC99F000407640 /* Products */ = {
			isa = PBXGroup;
			children = (
				81D32F491DEC99F000407640 /* CoreDataArticles.app */,
			);
			name = Products;
			sourceTree = "<group>";
		};
		81D32F4B1DEC99F000407640 /* CoreDataArticles */ = {
			isa = PBXGroup;
			children = (
				81D32F5E1DEC9A7A00407640 /* Model.xcdatamodeld */,
				81D32F611DEC9D5400407640 /* DataController.swift */,
				81D32F4C1DEC99F000407640 /* AppDelegate.swift */,
				81D32F501DEC99F000407640 /* Main.storyboard */,
				81D32F631DECA1A000407640 /* APIRequestManager.swift */,
				81D32F651DECA1C200407640 /* ArticlesTableViewController.swift */,
				81D32F671DECA67700407640 /* Article+Extension.swift */,
				81D32F531DEC99F000407640 /* Assets.xcassets */,
				81D32F551DEC99F000407640 /* LaunchScreen.storyboard */,
				81D32F581DEC99F000407640 /* Info.plist */,
			);
			path = CoreDataArticles;
			sourceTree = "<group>";
		};
/* End PBXGroup section */

/* Begin PBXNativeTarget section */
		81D32F481DEC99F000407640 /* CoreDataArticles */ = {
			isa = PBXNativeTarget;
			buildConfigurationList = 81D32F5B1DEC99F000407640 /* Build configuration list for PBXNativeTarget "CoreDataArticles" */;
			buildPhases = (
				81D32F451DEC99F000407640 /* Sources */,
				81D32F461DEC99F000407640 /* Frameworks */,
				81D32F471DEC99F000407640 /* Resources */,
			);
			buildRules = (
			);
			dependencies = (
			);
			name = CoreDataArticles;
			productName = CoreDataArticles;
			productReference = 81D32F491DEC99F000407640 /* CoreDataArticles.app */;
			productType = "com.apple.product-type.application";
		};
/* End PBXNativeTarget section */

/* Begin PBXProject section */
		81D32F411DEC99F000407640 /* Project object */ = {
			isa = PBXProject;
			attributes = {
				LastSwiftUpdateCheck = 0810;
				LastUpgradeCheck = 0810;
				ORGANIZATIONNAME = C4Q;
				TargetAttributes = {
					81D32F481DEC99F000407640 = {
						CreatedOnToolsVersion = 8.1;
						ProvisioningStyle = Automatic;
					};
				};
			};
			buildConfigurationList = 81D32F441DEC99F000407640 /* Build configuration list for PBXProject "CoreDataArticles" */;
			compatibilityVersion = "Xcode 3.2";
			developmentRegion = English;
			hasScannedForEncodings = 0;
			knownRegions = (
				en,
				Base,
			);
			mainGroup = 81D32F401DEC99F000407640;
			productRefGroup = 81D32F4A1DEC99F000407640 /* Products */;
			projectDirPath = "";
			projectRoot = "";
			targets = (
				81D32F481DEC99F000407640 /* CoreDataArticles */,
			);
		};
/* End PBXProject section */

/* Begin PBXResourcesBuildPhase section */
		81D32F471DEC99F000407640 /* Resources */ = {
			isa = PBXResourcesBuildPhase;
			buildActionMask = 2147483647;
			files = (
				81D32F571DEC99F000407640 /* LaunchScreen.storyboard in Resources */,
				81D32F541DEC99F000407640 /* Assets.xcassets in Resources */,
				81D32F521DEC99F000407640 /* Main.storyboard in Resources */,
			);
			runOnlyForDeploymentPostprocessing = 0;
		};
/* End PBXResourcesBuildPhase section */

/* Begin PBXSourcesBuildPhase section */
		81D32F451DEC99F000407640 /* Sources */ = {
			isa = PBXSourcesBuildPhase;
			buildActionMask = 2147483647;
			files = (
				81D32F661DECA1C200407640 /* ArticlesTableViewController.swift in Sources */,
				81D32F641DECA1A000407640 /* APIRequestManager.swift in Sources */,
				81D32F681DECA67700407640 /* Article+Extension.swift in Sources */,
				81D32F621DEC9D5400407640 /* DataController.swift in Sources */,
				81D32F4D1DEC99F000407640 /* AppDelegate.swift in Sources */,
				81D32F601DEC9A7A00407640 /* Model.xcdatamodeld in Sources */,
			);
			runOnlyForDeploymentPostprocessing = 0;
		};
/* End PBXSourcesBuildPhase section */

/* Begin PBXVariantGroup section */
		81D32F501DEC99F000407640 /* Main.storyboard */ = {
			isa = PBXVariantGroup;
			children = (
				81D32F511DEC99F000407640 /* Base */,
			);
			name = Main.storyboard;
			sourceTree = "<group>";
		};
		81D32F551DEC99F000407640 /* LaunchScreen.storyboard */ = {
			isa = PBXVariantGroup;
			children = (
				81D32F561DEC99F000407640 /* Base */,
			);
			name = LaunchScreen.storyboard;
			sourceTree = "<group>";
		};
/* End PBXVariantGroup section */

/* Begin XCBuildConfiguration section */
		81D32F591DEC99F000407640 /* Debug */ = {
			isa = XCBuildConfiguration;
			buildSettings = {
				ALWAYS_SEARCH_USER_PATHS = NO;
				CLANG_ANALYZER_NONNULL = YES;
				CLANG_CXX_LANGUAGE_STANDARD = "gnu++0x";
				CLANG_CXX_LIBRARY = "libc++";
				CLANG_ENABLE_MODULES = YES;
				CLANG_ENABLE_OBJC_ARC = YES;
				CLANG_WARN_BOOL_CONVERSION = YES;
				CLANG_WARN_CONSTANT_CONVERSION = YES;
				CLANG_WARN_DIRECT_OBJC_ISA_USAGE = YES_ERROR;
				CLANG_WARN_DOCUMENTATION_COMMENTS = YES;
				CLANG_WARN_EMPTY_BODY = YES;
				CLANG_WARN_ENUM_CONVERSION = YES;
				CLANG_WARN_INFINITE_RECURSION = YES;
				CLANG_WARN_INT_CONVERSION = YES;
				CLANG_WARN_OBJC_ROOT_CLASS = YES_ERROR;
				CLANG_WARN_SUSPICIOUS_MOVES = YES;
				CLANG_WARN_UNREACHABLE_CODE = YES;
				CLANG_WARN__DUPLICATE_METHOD_MATCH = YES;
				"CODE_SIGN_IDENTITY[sdk=iphoneos*]" = "iPhone Developer";
				COPY_PHASE_STRIP = NO;
				DEBUG_INFORMATION_FORMAT = dwarf;
				ENABLE_STRICT_OBJC_MSGSEND = YES;
				ENABLE_TESTABILITY = YES;
				GCC_C_LANGUAGE_STANDARD = gnu99;
				GCC_DYNAMIC_NO_PIC = NO;
				GCC_NO_COMMON_BLOCKS = YES;
				GCC_OPTIMIZATION_LEVEL = 0;
				GCC_PREPROCESSOR_DEFINITIONS = (
					"DEBUG=1",
					"$(inherited)",
				);
				GCC_WARN_64_TO_32_BIT_CONVERSION = YES;
				GCC_WARN_ABOUT_RETURN_TYPE = YES_ERROR;
				GCC_WARN_UNDECLARED_SELECTOR = YES;
				GCC_WARN_UNINITIALIZED_AUTOS = YES_AGGRESSIVE;
				GCC_WARN_UNUSED_FUNCTION = YES;
				GCC_WARN_UNUSED_VARIABLE = YES;
				IPHONEOS_DEPLOYMENT_TARGET = 10.1;
				MTL_ENABLE_DEBUG_INFO = YES;
				ONLY_ACTIVE_ARCH = YES;
				SDKROOT = iphoneos;
				SWIFT_ACTIVE_COMPILATION_CONDITIONS = DEBUG;
				SWIFT_OPTIMIZATION_LEVEL = "-Onone";
				TARGETED_DEVICE_FAMILY = "1,2";
			};
			name = Debug;
		};
		81D32F5A1DEC99F000407640 /* Release */ = {
			isa = XCBuildConfiguration;
			buildSettings = {
				ALWAYS_SEARCH_USER_PATHS = NO;
				CLANG_ANALYZER_NONNULL = YES;
				CLANG_CXX_LANGUAGE_STANDARD = "gnu++0x";
				CLANG_CXX_LIBRARY = "libc++";
				CLANG_ENABLE_MODULES = YES;
				CLANG_ENABLE_OBJC_ARC = YES;
				CLANG_WARN_BOOL_CONVERSION = YES;
				CLANG_WARN_CONSTANT_CONVERSION = YES;
				CLANG_WARN_DIRECT_OBJC_ISA_USAGE = YES_ERROR;
				CLANG_WARN_DOCUMENTATION_COMMENTS = YES;
				CLANG_WARN_EMPTY_BODY = YES;
				CLANG_WARN_ENUM_CONVERSION = YES;
				CLANG_WARN_INFINITE_RECURSION = YES;
				CLANG_WARN_INT_CONVERSION = YES;
				CLANG_WARN_OBJC_ROOT_CLASS = YES_ERROR;
				CLANG_WARN_SUSPICIOUS_MOVES = YES;
				CLANG_WARN_UNREACHABLE_CODE = YES;
				CLANG_WARN__DUPLICATE_METHOD_MATCH = YES;
				"CODE_SIGN_IDENTITY[sdk=iphoneos*]" = "iPhone Developer";
				COPY_PHASE_STRIP = NO;
				DEBUG_INFORMATION_FORMAT = "dwarf-with-dsym";
				ENABLE_NS_ASSERTIONS = NO;
				ENABLE_STRICT_OBJC_MSGSEND = YES;
				GCC_C_LANGUAGE_STANDARD = gnu99;
				GCC_NO_COMMON_BLOCKS = YES;
				GCC_WARN_64_TO_32_BIT_CONVERSION = YES;
				GCC_WARN_ABOUT_RETURN_TYPE = YES_ERROR;
				GCC_WARN_UNDECLARED_SELECTOR = YES;
				GCC_WARN_UNINITIALIZED_AUTOS = YES_AGGRESSIVE;
				GCC_WARN_UNUSED_FUNCTION = YES;
				GCC_WARN_UNUSED_VARIABLE = YES;
				IPHONEOS_DEPLOYMENT_TARGET = 10.1;
				MTL_ENABLE_DEBUG_INFO = NO;
				SDKROOT = iphoneos;
				SWIFT_OPTIMIZATION_LEVEL = "-Owholemodule";
				TARGETED_DEVICE_FAMILY = "1,2";
				VALIDATE_PRODUCT = YES;
			};
			name = Release;
		};
		81D32F5C1DEC99F000407640 /* Debug */ = {
			isa = XCBuildConfiguration;
			buildSettings = {
				ASSETCATALOG_COMPILER_APPICON_NAME = AppIcon;
				INFOPLIST_FILE = CoreDataArticles/Info.plist;
				LD_RUNPATH_SEARCH_PATHS = "$(inherited) @executable_path/Frameworks";
				PRODUCT_BUNDLE_IDENTIFIER = nyc.c4q.liamkane.CoreDataArticles;
				PRODUCT_NAME = "$(TARGET_NAME)";
				SWIFT_VERSION = 3.0;
			};
			name = Debug;
		};
		81D32F5D1DEC99F000407640 /* Release */ = {
			isa = XCBuildConfiguration;
			buildSettings = {
				ASSETCATALOG_COMPILER_APPICON_NAME = AppIcon;
				INFOPLIST_FILE = CoreDataArticles/Info.plist;
				LD_RUNPATH_SEARCH_PATHS = "$(inherited) @executable_path/Frameworks";
				PRODUCT_BUNDLE_IDENTIFIER = nyc.c4q.liamkane.CoreDataArticles;
				PRODUCT_NAME = "$(TARGET_NAME)";
				SWIFT_VERSION = 3.0;
			};
			name = Release;
		};
/* End XCBuildConfiguration section */

/* Begin XCConfigurationList section */
		81D32F441DEC99F000407640 /* Build configuration list for PBXProject "CoreDataArticles" */ = {
			isa = XCConfigurationList;
			buildConfigurations = (
				81D32F591DEC99F000407640 /* Debug */,
				81D32F5A1DEC99F000407640 /* Release */,
			);
			defaultConfigurationIsVisible = 0;
			defaultConfigurationName = Release;
		};
		81D32F5B1DEC99F000407640 /* Build configuration list for PBXNativeTarget "CoreDataArticles" */ = {
			isa = XCConfigurationList;
			buildConfigurations = (
				81D32F5C1DEC99F000407640 /* Debug */,
				81D32F5D1DEC99F000407640 /* Release */,
			);
			defaultConfigurationIsVisible = 0;
		};
/* End XCConfigurationList section */

/* Begin XCVersionGroup section */
		81D32F5E1DEC9A7A00407640 /* Model.xcdatamodeld */ = {
			isa = XCVersionGroup;
			children = (
				81D32F5F1DEC9A7A00407640 /* Model.xcdatamodel */,
			);
			currentVersion = 81D32F5F1DEC9A7A00407640 /* Model.xcdatamodel */;
			name = Model.xcdatamodeld;
			path = ../Model.xcdatamodeld;
			sourceTree = "<group>";
			versionGroupType = wrapper.xcdatamodel;
		};
/* End XCVersionGroup section */
	};
	rootObject = 81D32F411DEC99F000407640 /* Project object */;
}
