// !$*UTF8*$!
{
	archiveVersion = 1;
	classes = {
	};
	objectVersion = 46;
	objects = {

/* Begin PBXBuildFile section */
		81D32F261DE5FA7800407640 /* AppDelegate.swift in Sources */ = {isa = PBXBuildFile; fileRef = 81D32F251DE5FA7800407640 /* AppDelegate.swift */; };
		81D32F2B1DE5FA7800407640 /* Main.storyboard in Resources */ = {isa = PBXBuildFile; fileRef = 81D32F291DE5FA7800407640 /* Main.storyboard */; };
		81D32F2D1DE5FA7800407640 /* Assets.xcassets in Resources */ = {isa = PBXBuildFile; fileRef = 81D32F2C1DE5FA7800407640 /* Assets.xcassets */; };
		81D32F301DE5FA7800407640 /* LaunchScreen.storyboard in Resources */ = {isa = PBXBuildFile; fileRef = 81D32F2E1DE5FA7800407640 /* LaunchScreen.storyboard */; };
		81D32F381DE5FA9B00407640 /* SectionedTableViewController.swift in Sources */ = {isa = PBXBuildFile; fileRef = 81D32F371DE5FA9B00407640 /* SectionedTableViewController.swift */; };
/* End PBXBuildFile section */

/* Begin PBXFileReference section */
		81D32F221DE5FA7800407640 /* TrivialShit.app */ = {isa = PBXFileReference; explicitFileType = wrapper.application; includeInIndex = 0; path = TrivialShit.app; sourceTree = BUILT_PRODUCTS_DIR; };
		81D32F251DE5FA7800407640 /* AppDelegate.swift */ = {isa = PBXFileReference; lastKnownFileType = sourcecode.swift; path = AppDelegate.swift; sourceTree = "<group>"; };
		81D32F2A1DE5FA7800407640 /* Base */ = {isa = PBXFileReference; lastKnownFileType = file.storyboard; name = Base; path = Base.lproj/Main.storyboard; sourceTree = "<group>"; };
		81D32F2C1DE5FA7800407640 /* Assets.xcassets */ = {isa = PBXFileReference; lastKnownFileType = folder.assetcatalog; path = Assets.xcassets; sourceTree = "<group>"; };
		81D32F2F1DE5FA7800407640 /* Base */ = {isa = PBXFileReference; lastKnownFileType = file.storyboard; name = Base; path = Base.lproj/LaunchScreen.storyboard; sourceTree = "<group>"; };
		81D32F311DE5FA7800407640 /* Info.plist */ = {isa = PBXFileReference; lastKnownFileType = text.plist.xml; path = Info.plist; sourceTree = "<group>"; };
		81D32F371DE5FA9B00407640 /* SectionedTableViewController.swift */ = {isa = PBXFileReference; fileEncoding = 4; lastKnownFileType = sourcecode.swift; path = SectionedTableViewController.swift; sourceTree = "<group>"; };
/* End PBXFileReference section */

/* Begin PBXFrameworksBuildPhase section */
		81D32F1F1DE5FA7800407640 /* Frameworks */ = {
			isa = PBXFrameworksBuildPhase;
			buildActionMask = 2147483647;
			files = (
			);
			runOnlyForDeploymentPostprocessing = 0;
		};
/* End PBXFrameworksBuildPhase section */

/* Begin PBXGroup section */
		81D32F191DE5FA7800407640 = {
			isa = PBXGroup;
			children = (
				81D32F241DE5FA7800407640 /* TrivialShit */,
				81D32F231DE5FA7800407640 /* Products */,
			);
			sourceTree = "<group>";
		};
		81D32F231DE5FA7800407640 /* Products */ = {
			isa = PBXGroup;
			children = (
				81D32F221DE5FA7800407640 /* TrivialShit.app */,
			);
			name = Products;
			sourceTree = "<group>";
		};
		81D32F241DE5FA7800407640 /* TrivialShit */ = {
			isa = PBXGroup;
			children = (
				81D32F251DE5FA7800407640 /* AppDelegate.swift */,
				81D32F291DE5FA7800407640 /* Main.storyboard */,
				81D32F371DE5FA9B00407640 /* SectionedTableViewController.swift */,
				81D32F2C1DE5FA7800407640 /* Assets.xcassets */,
				81D32F2E1DE5FA7800407640 /* LaunchScreen.storyboard */,
				81D32F311DE5FA7800407640 /* Info.plist */,
			);
			path = TrivialShit;
			sourceTree = "<group>";
		};
/* End PBXGroup section */

/* Begin PBXNativeTarget section */
		81D32F211DE5FA7800407640 /* TrivialShit */ = {
			isa = PBXNativeTarget;
			buildConfigurationList = 81D32F341DE5FA7800407640 /* Build configuration list for PBXNativeTarget "TrivialShit" */;
			buildPhases = (
				81D32F1E1DE5FA7800407640 /* Sources */,
				81D32F1F1DE5FA7800407640 /* Frameworks */,
				81D32F201DE5FA7800407640 /* Resources */,
			);
			buildRules = (
			);
			dependencies = (
			);
			name = TrivialShit;
			productName = TrivialShit;
			productReference = 81D32F221DE5FA7800407640 /* TrivialShit.app */;
			productType = "com.apple.product-type.application";
		};
/* End PBXNativeTarget section */

/* Begin PBXProject section */
		81D32F1A1DE5FA7800407640 /* Project object */ = {
			isa = PBXProject;
			attributes = {
				LastSwiftUpdateCheck = 0810;
				LastUpgradeCheck = 0810;
				ORGANIZATIONNAME = C4Q;
				TargetAttributes = {
					81D32F211DE5FA7800407640 = {
						CreatedOnToolsVersion = 8.1;
						ProvisioningStyle = Automatic;
					};
				};
			};
			buildConfigurationList = 81D32F1D1DE5FA7800407640 /* Build configuration list for PBXProject "TrivialShit" */;
			compatibilityVersion = "Xcode 3.2";
			developmentRegion = English;
			hasScannedForEncodings = 0;
			knownRegions = (
				en,
				Base,
			);
			mainGroup = 81D32F191DE5FA7800407640;
			productRefGroup = 81D32F231DE5FA7800407640 /* Products */;
			projectDirPath = "";
			projectRoot = "";
			targets = (
				81D32F211DE5FA7800407640 /* TrivialShit */,
			);
		};
/* End PBXProject section */

/* Begin PBXResourcesBuildPhase section */
		81D32F201DE5FA7800407640 /* Resources */ = {
			isa = PBXResourcesBuildPhase;
			buildActionMask = 2147483647;
			files = (
				81D32F301DE5FA7800407640 /* LaunchScreen.storyboard in Resources */,
				81D32F2D1DE5FA7800407640 /* Assets.xcassets in Resources */,
				81D32F2B1DE5FA7800407640 /* Main.storyboard in Resources */,
			);
			runOnlyForDeploymentPostprocessing = 0;
		};
/* End PBXResourcesBuildPhase section */

/* Begin PBXSourcesBuildPhase section */
		81D32F1E1DE5FA7800407640 /* Sources */ = {
			isa = PBXSourcesBuildPhase;
			buildActionMask = 2147483647;
			files = (
				81D32F381DE5FA9B00407640 /* SectionedTableViewController.swift in Sources */,
				81D32F261DE5FA7800407640 /* AppDelegate.swift in Sources */,
			);
			runOnlyForDeploymentPostprocessing = 0;
		};
/* End PBXSourcesBuildPhase section */

/* Begin PBXVariantGroup section */
		81D32F291DE5FA7800407640 /* Main.storyboard */ = {
			isa = PBXVariantGroup;
			children = (
				81D32F2A1DE5FA7800407640 /* Base */,
			);
			name = Main.storyboard;
			sourceTree = "<group>";
		};
		81D32F2E1DE5FA7800407640 /* LaunchScreen.storyboard */ = {
			isa = PBXVariantGroup;
			children = (
				81D32F2F1DE5FA7800407640 /* Base */,
			);
			name = LaunchScreen.storyboard;
			sourceTree = "<group>";
		};
/* End PBXVariantGroup section */

/* Begin XCBuildConfiguration section */
		81D32F321DE5FA7800407640 /* Debug */ = {
			isa = XCBuildConfiguration;
			buildSettings = {
				ALWAYS_SEARCH_USER_PATHS = NO;
				CLANG_ANALYZER_NONNULL = YES;
				CLANG_CXX_LANGUAGE_STANDARD = "gnu++0x";
				CLANG_CXX_LIBRARY = "libc++";
				CLANG_ENABLE_MODULES = YES;
				CLANG_ENABLE_OBJC_ARC = YES;
				CLANG_WARN_BOOL_CONVERSION = YES;
				CLANG_WARN_CONSTANT_CONVERSION = YES;
				CLANG_WARN_DIRECT_OBJC_ISA_USAGE = YES_ERROR;
				CLANG_WARN_DOCUMENTATION_COMMENTS = YES;
				CLANG_WARN_EMPTY_BODY = YES;
				CLANG_WARN_ENUM_CONVERSION = YES;
				CLANG_WARN_INFINITE_RECURSION = YES;
				CLANG_WARN_INT_CONVERSION = YES;
				CLANG_WARN_OBJC_ROOT_CLASS = YES_ERROR;
				CLANG_WARN_SUSPICIOUS_MOVES = YES;
				CLANG_WARN_UNREACHABLE_CODE = YES;
				CLANG_WARN__DUPLICATE_METHOD_MATCH = YES;
				"CODE_SIGN_IDENTITY[sdk=iphoneos*]" = "iPhone Developer";
				COPY_PHASE_STRIP = NO;
				DEBUG_INFORMATION_FORMAT = dwarf;
				ENABLE_STRICT_OBJC_MSGSEND = YES;
				ENABLE_TESTABILITY = YES;
				GCC_C_LANGUAGE_STANDARD = gnu99;
				GCC_DYNAMIC_NO_PIC = NO;
				GCC_NO_COMMON_BLOCKS = YES;
				GCC_OPTIMIZATION_LEVEL = 0;
				GCC_PREPROCESSOR_DEFINITIONS = (
					"DEBUG=1",
					"$(inherited)",
				);
				GCC_WARN_64_TO_32_BIT_CONVERSION = YES;
				GCC_WARN_ABOUT_RETURN_TYPE = YES_ERROR;
				GCC_WARN_UNDECLARED_SELECTOR = YES;
				GCC_WARN_UNINITIALIZED_AUTOS = YES_AGGRESSIVE;
				GCC_WARN_UNUSED_FUNCTION = YES;
				GCC_WARN_UNUSED_VARIABLE = YES;
				IPHONEOS_DEPLOYMENT_TARGET = 10.1;
				MTL_ENABLE_DEBUG_INFO = YES;
				ONLY_ACTIVE_ARCH = YES;
				SDKROOT = iphoneos;
				SWIFT_ACTIVE_COMPILATION_CONDITIONS = DEBUG;
				SWIFT_OPTIMIZATION_LEVEL = "-Onone";
				TARGETED_DEVICE_FAMILY = "1,2";
			};
			name = Debug;
		};
		81D32F331DE5FA7800407640 /* Release */ = {
			isa = XCBuildConfiguration;
			buildSettings = {
				ALWAYS_SEARCH_USER_PATHS = NO;
				CLANG_ANALYZER_NONNULL = YES;
				CLANG_CXX_LANGUAGE_STANDARD = "gnu++0x";
				CLANG_CXX_LIBRARY = "libc++";
				CLANG_ENABLE_MODULES = YES;
				CLANG_ENABLE_OBJC_ARC = YES;
				CLANG_WARN_BOOL_CONVERSION = YES;
				CLANG_WARN_CONSTANT_CONVERSION = YES;
				CLANG_WARN_DIRECT_OBJC_ISA_USAGE = YES_ERROR;
				CLANG_WARN_DOCUMENTATION_COMMENTS = YES;
				CLANG_WARN_EMPTY_BODY = YES;
				CLANG_WARN_ENUM_CONVERSION = YES;
				CLANG_WARN_INFINITE_RECURSION = YES;
				CLANG_WARN_INT_CONVERSION = YES;
				CLANG_WARN_OBJC_ROOT_CLASS = YES_ERROR;
				CLANG_WARN_SUSPICIOUS_MOVES = YES;
				CLANG_WARN_UNREACHABLE_CODE = YES;
				CLANG_WARN__DUPLICATE_METHOD_MATCH = YES;
				"CODE_SIGN_IDENTITY[sdk=iphoneos*]" = "iPhone Developer";
				COPY_PHASE_STRIP = NO;
				DEBUG_INFORMATION_FORMAT = "dwarf-with-dsym";
				ENABLE_NS_ASSERTIONS = NO;
				ENABLE_STRICT_OBJC_MSGSEND = YES;
				GCC_C_LANGUAGE_STANDARD = gnu99;
				GCC_NO_COMMON_BLOCKS = YES;
				GCC_WARN_64_TO_32_BIT_CONVERSION = YES;
				GCC_WARN_ABOUT_RETURN_TYPE = YES_ERROR;
				GCC_WARN_UNDECLARED_SELECTOR = YES;
				GCC_WARN_UNINITIALIZED_AUTOS = YES_AGGRESSIVE;
				GCC_WARN_UNUSED_FUNCTION = YES;
				GCC_WARN_UNUSED_VARIABLE = YES;
				IPHONEOS_DEPLOYMENT_TARGET = 10.1;
				MTL_ENABLE_DEBUG_INFO = NO;
				SDKROOT = iphoneos;
				SWIFT_OPTIMIZATION_LEVEL = "-Owholemodule";
				TARGETED_DEVICE_FAMILY = "1,2";
				VALIDATE_PRODUCT = YES;
			};
			name = Release;
		};
		81D32F351DE5FA7800407640 /* Debug */ = {
			isa = XCBuildConfiguration;
			buildSettings = {
				ASSETCATALOG_COMPILER_APPICON_NAME = AppIcon;
				INFOPLIST_FILE = TrivialShit/Info.plist;
				LD_RUNPATH_SEARCH_PATHS = "$(inherited) @executable_path/Frameworks";
				PRODUCT_BUNDLE_IDENTIFIER = nyc.c4q.liamkane.TrivialShit;
				PRODUCT_NAME = "$(TARGET_NAME)";
				SWIFT_VERSION = 3.0;
			};
			name = Debug;
		};
		81D32F361DE5FA7800407640 /* Release */ = {
			isa = XCBuildConfiguration;
			buildSettings = {
				ASSETCATALOG_COMPILER_APPICON_NAME = AppIcon;
				INFOPLIST_FILE = TrivialShit/Info.plist;
				LD_RUNPATH_SEARCH_PATHS = "$(inherited) @executable_path/Frameworks";
				PRODUCT_BUNDLE_IDENTIFIER = nyc.c4q.liamkane.TrivialShit;
				PRODUCT_NAME = "$(TARGET_NAME)";
				SWIFT_VERSION = 3.0;
			};
			name = Release;
		};
/* End XCBuildConfiguration section */

/* Begin XCConfigurationList section */
		81D32F1D1DE5FA7800407640 /* Build configuration list for PBXProject "TrivialShit" */ = {
			isa = XCConfigurationList;
			buildConfigurations = (
				81D32F321DE5FA7800407640 /* Debug */,
				81D32F331DE5FA7800407640 /* Release */,
			);
			defaultConfigurationIsVisible = 0;
			defaultConfigurationName = Release;
		};
		81D32F341DE5FA7800407640 /* Build configuration list for PBXNativeTarget "TrivialShit" */ = {
			isa = XCConfigurationList;
			buildConfigurations = (
				81D32F351DE5FA7800407640 /* Debug */,
				81D32F361DE5FA7800407640 /* Release */,
			);
			defaultConfigurationIsVisible = 0;
		};
/* End XCConfigurationList section */
	};
	rootObject = 81D32F1A1DE5FA7800407640 /* Project object */;
}
